
Microsoft Visual Studio Solution File, Format Version 12.00
# Visual Studio Version 17
VisualStudioVersion = 17.4.33213.308
MinimumVisualStudioVersion = 10.0.40219.1
Project("{FAE04EC0-301F-11D3-BF4B-00C04F79EFBC}") = "WebAppHosted", "WebAppHosted\WebAppHosted.csproj", "{20149B0C-FA97-414A-A100-EA3E7584D5D7}"
EndProject
Global
	GlobalSection(SolutionConfigurationPlatforms) = preSolution
		Debug|Any CPU = Debug|Any CPU
		Release|Any CPU = Release|Any CPU
	EndGlobalSection
	GlobalSection(ProjectConfigurationPlatforms) = postSolution
		{20149B0C-FA97-414A-A100-EA3E7584D5D7}.Debug|Any CPU.ActiveCfg = Debug|Any CPU
		{20149B0C-FA97-414A-A100-EA3E7584D5D7}.Debug|Any CPU.Build.0 = Debug|Any CPU
		{20149B0C-FA97-414A-A100-EA3E7584D5D7}.Release|Any CPU.ActiveCfg = Release|Any CPU
		{20149B0C-FA97-414A-A100-EA3E7584D5D7}.Release|Any CPU.Build.0 = Release|Any CPU
	EndGlobalSection
	GlobalSection(SolutionProperties) = preSolution
		HideSolutionNode = FALSE
	EndGlobalSection
	GlobalSection(ExtensibilityGlobals) = postSolution
		SolutionGuid = {FB9AEE6C-5271-4DF4-B87F-22BD91DE6495}
	EndGlobalSection
EndGlobal
