
Microsoft Visual Studio Solution File, Format Version 12.00
# Visual Studio Version 17
VisualStudioVersion = 17.4.33213.308
MinimumVisualStudioVersion = 10.0.40219.1
Project("{FAE04EC0-301F-11D3-BF4B-00C04F79EFBC}") = "publisOnLinux", "publisOnLinux\publisOnLinux.csproj", "{FF8044A7-D2AE-4FEF-89E3-3595B1569BC1}"
EndProject
Global
	GlobalSection(SolutionConfigurationPlatforms) = preSolution
		Debug|Any CPU = Debug|Any CPU
		Release|Any CPU = Release|Any CPU
	EndGlobalSection
	GlobalSection(ProjectConfigurationPlatforms) = postSolution
		{FF8044A7-D2AE-4FEF-89E3-3595B1569BC1}.Debug|Any CPU.ActiveCfg = Debug|Any CPU
		{FF8044A7-D2AE-4FEF-89E3-3595B1569BC1}.Debug|Any CPU.Build.0 = Debug|Any CPU
		{FF8044A7-D2AE-4FEF-89E3-3595B1569BC1}.Release|Any CPU.ActiveCfg = Release|Any CPU
		{FF8044A7-D2AE-4FEF-89E3-3595B1569BC1}.Release|Any CPU.Build.0 = Release|Any CPU
	EndGlobalSection
	GlobalSection(SolutionProperties) = preSolution
		HideSolutionNode = FALSE
	EndGlobalSection
	GlobalSection(ExtensibilityGlobals) = postSolution
		SolutionGuid = {54DD1984-23B3-413E-B1F3-A72010A10C0E}
	EndGlobalSection
EndGlobal
