
Microsoft Visual Studio Solution File, Format Version 12.00
# Visual Studio Version 17
VisualStudioVersion = 17.3.32922.545
MinimumVisualStudioVersion = 10.0.40219.1
Project("{FAE04EC0-301F-11D3-BF4B-00C04F79EFBC}") = "AttributeRouting", "AttributeRouting\AttributeRouting.csproj", "{6EA0241F-5592-4587-8A23-AFB4EFE888BA}"
EndProject
Global
	GlobalSection(SolutionConfigurationPlatforms) = preSolution
		Debug|Any CPU = Debug|Any CPU
		Release|Any CPU = Release|Any CPU
	EndGlobalSection
	GlobalSection(ProjectConfigurationPlatforms) = postSolution
		{6EA0241F-5592-4587-8A23-AFB4EFE888BA}.Debug|Any CPU.ActiveCfg = Debug|Any CPU
		{6EA0241F-5592-4587-8A23-AFB4EFE888BA}.Debug|Any CPU.Build.0 = Debug|Any CPU
		{6EA0241F-5592-4587-8A23-AFB4EFE888BA}.Release|Any CPU.ActiveCfg = Release|Any CPU
		{6EA0241F-5592-4587-8A23-AFB4EFE888BA}.Release|Any CPU.Build.0 = Release|Any CPU
	EndGlobalSection
	GlobalSection(SolutionProperties) = preSolution
		HideSolutionNode = FALSE
	EndGlobalSection
	GlobalSection(ExtensibilityGlobals) = postSolution
		SolutionGuid = {A2212785-1524-483B-BB3A-214A378426A0}
	EndGlobalSection
EndGlobal
